// !$*UTF8*$!
{
	archiveVersion = 1;
	classes = {
	};
	objectVersion = 51;
	objects = {

/* Begin PBXBuildFile section */
		9B22A51F24B8735400B9ADF6 /* DetailsViewController.m in Sources */ = {isa = PBXBuildFile; fileRef = 9B22A51E24B8735400B9ADF6 /* DetailsViewController.m */; };
		9B22A52224B97F2600B9ADF6 /* ProfileViewController.m in Sources */ = {isa = PBXBuildFile; fileRef = 9B22A52124B97F2600B9ADF6 /* ProfileViewController.m */; };
		9B22A52524B980AC00B9ADF6 /* PostCollectionCell.m in Sources */ = {isa = PBXBuildFile; fileRef = 9B22A52424B980AC00B9ADF6 /* PostCollectionCell.m */; };
		9B5C002324B7BA8400E03AB9 /* PostCell.m in Sources */ = {isa = PBXBuildFile; fileRef = 9B5C002224B7BA8400E03AB9 /* PostCell.m */; };
		9B75E82824B5DE0F00EB7F72 /* AppDelegate.m in Sources */ = {isa = PBXBuildFile; fileRef = 9B75E82724B5DE0F00EB7F72 /* AppDelegate.m */; };
		9B75E82B24B5DE0F00EB7F72 /* SceneDelegate.m in Sources */ = {isa = PBXBuildFile; fileRef = 9B75E82A24B5DE0F00EB7F72 /* SceneDelegate.m */; };
		9B75E83124B5DE0F00EB7F72 /* Main.storyboard in Resources */ = {isa = PBXBuildFile; fileRef = 9B75E82F24B5DE0F00EB7F72 /* Main.storyboard */; };
		9B75E83324B5DE0F00EB7F72 /* Assets.xcassets in Resources */ = {isa = PBXBuildFile; fileRef = 9B75E83224B5DE0F00EB7F72 /* Assets.xcassets */; };
		9B75E83624B5DE0F00EB7F72 /* LaunchScreen.storyboard in Resources */ = {isa = PBXBuildFile; fileRef = 9B75E83424B5DE0F00EB7F72 /* LaunchScreen.storyboard */; };
		9B75E83924B5DE0F00EB7F72 /* main.m in Sources */ = {isa = PBXBuildFile; fileRef = 9B75E83824B5DE0F00EB7F72 /* main.m */; };
		9B75E84724B6055100EB7F72 /* LoginViewController.m in Sources */ = {isa = PBXBuildFile; fileRef = 9B75E84624B6055100EB7F72 /* LoginViewController.m */; };
		9B75E84A24B60C7200EB7F72 /* HomeFeedViewController.m in Sources */ = {isa = PBXBuildFile; fileRef = 9B75E84924B60C7200EB7F72 /* HomeFeedViewController.m */; };
		9B75E84F24B6704100EB7F72 /* ComposeViewController.m in Sources */ = {isa = PBXBuildFile; fileRef = 9B75E84E24B6704100EB7F72 /* ComposeViewController.m */; };
		9B75E85624B7615000EB7F72 /* Post.m in Sources */ = {isa = PBXBuildFile; fileRef = 9B75E85524B7615000EB7F72 /* Post.m */; };
		E1A4E44D1E92123EE27D0AFB /* Pods_Instagram.framework in Frameworks */ = {isa = PBXBuildFile; fileRef = 679974677F9606EB2CCF8D2A /* Pods_Instagram.framework */; };
/* End PBXBuildFile section */

/* Begin PBXFileReference section */
		4F495B2756D6C0B54D200B25 /* Pods-Instagram.debug.xcconfig */ = {isa = PBXFileReference; includeInIndex = 1; lastKnownFileType = text.xcconfig; name = "Pods-Instagram.debug.xcconfig"; path = "Target Support Files/Pods-Instagram/Pods-Instagram.debug.xcconfig"; sourceTree = "<group>"; };
		679974677F9606EB2CCF8D2A /* Pods_Instagram.framework */ = {isa = PBXFileReference; explicitFileType = wrapper.framework; includeInIndex = 0; path = Pods_Instagram.framework; sourceTree = BUILT_PRODUCTS_DIR; };
		9B22A51D24B8735400B9ADF6 /* DetailsViewController.h */ = {isa = PBXFileReference; lastKnownFileType = sourcecode.c.h; path = DetailsViewController.h; sourceTree = "<group>"; };
		9B22A51E24B8735400B9ADF6 /* DetailsViewController.m */ = {isa = PBXFileReference; lastKnownFileType = sourcecode.c.objc; path = DetailsViewController.m; sourceTree = "<group>"; };
		9B22A52024B97F2600B9ADF6 /* ProfileViewController.h */ = {isa = PBXFileReference; lastKnownFileType = sourcecode.c.h; path = ProfileViewController.h; sourceTree = "<group>"; };
		9B22A52124B97F2600B9ADF6 /* ProfileViewController.m */ = {isa = PBXFileReference; lastKnownFileType = sourcecode.c.objc; path = ProfileViewController.m; sourceTree = "<group>"; };
		9B22A52324B980AC00B9ADF6 /* PostCollectionCell.h */ = {isa = PBXFileReference; lastKnownFileType = sourcecode.c.h; path = PostCollectionCell.h; sourceTree = "<group>"; };
		9B22A52424B980AC00B9ADF6 /* PostCollectionCell.m */ = {isa = PBXFileReference; lastKnownFileType = sourcecode.c.objc; path = PostCollectionCell.m; sourceTree = "<group>"; };
		9B5C002124B7BA8400E03AB9 /* PostCell.h */ = {isa = PBXFileReference; lastKnownFileType = sourcecode.c.h; path = PostCell.h; sourceTree = "<group>"; };
		9B5C002224B7BA8400E03AB9 /* PostCell.m */ = {isa = PBXFileReference; lastKnownFileType = sourcecode.c.objc; path = PostCell.m; sourceTree = "<group>"; };
		9B75E82324B5DE0F00EB7F72 /* Instagram.app */ = {isa = PBXFileReference; explicitFileType = wrapper.application; includeInIndex = 0; path = Instagram.app; sourceTree = BUILT_PRODUCTS_DIR; };
		9B75E82624B5DE0F00EB7F72 /* AppDelegate.h */ = {isa = PBXFileReference; lastKnownFileType = sourcecode.c.h; path = AppDelegate.h; sourceTree = "<group>"; };
		9B75E82724B5DE0F00EB7F72 /* AppDelegate.m */ = {isa = PBXFileReference; lastKnownFileType = sourcecode.c.objc; path = AppDelegate.m; sourceTree = "<group>"; };
		9B75E82924B5DE0F00EB7F72 /* SceneDelegate.h */ = {isa = PBXFileReference; lastKnownFileType = sourcecode.c.h; path = SceneDelegate.h; sourceTree = "<group>"; };
		9B75E82A24B5DE0F00EB7F72 /* SceneDelegate.m */ = {isa = PBXFileReference; lastKnownFileType = sourcecode.c.objc; path = SceneDelegate.m; sourceTree = "<group>"; };
		9B75E83024B5DE0F00EB7F72 /* Base */ = {isa = PBXFileReference; lastKnownFileType = file.storyboard; name = Base; path = Base.lproj/Main.storyboard; sourceTree = "<group>"; };
		9B75E83224B5DE0F00EB7F72 /* Assets.xcassets */ = {isa = PBXFileReference; lastKnownFileType = folder.assetcatalog; path = Assets.xcassets; sourceTree = "<group>"; };
		9B75E83524B5DE0F00EB7F72 /* Base */ = {isa = PBXFileReference; lastKnownFileType = file.storyboard; name = Base; path = Base.lproj/LaunchScreen.storyboard; sourceTree = "<group>"; };
		9B75E83724B5DE0F00EB7F72 /* Info.plist */ = {isa = PBXFileReference; lastKnownFileType = text.plist.xml; path = Info.plist; sourceTree = "<group>"; };
		9B75E83824B5DE0F00EB7F72 /* main.m */ = {isa = PBXFileReference; lastKnownFileType = sourcecode.c.objc; path = main.m; sourceTree = "<group>"; };
		9B75E84524B6055100EB7F72 /* LoginViewController.h */ = {isa = PBXFileReference; lastKnownFileType = sourcecode.c.h; path = LoginViewController.h; sourceTree = "<group>"; };
		9B75E84624B6055100EB7F72 /* LoginViewController.m */ = {isa = PBXFileReference; lastKnownFileType = sourcecode.c.objc; path = LoginViewController.m; sourceTree = "<group>"; };
		9B75E84824B60C7200EB7F72 /* HomeFeedViewController.h */ = {isa = PBXFileReference; lastKnownFileType = sourcecode.c.h; path = HomeFeedViewController.h; sourceTree = "<group>"; };
		9B75E84924B60C7200EB7F72 /* HomeFeedViewController.m */ = {isa = PBXFileReference; lastKnownFileType = sourcecode.c.objc; path = HomeFeedViewController.m; sourceTree = "<group>"; };
		9B75E84D24B6704100EB7F72 /* ComposeViewController.h */ = {isa = PBXFileReference; lastKnownFileType = sourcecode.c.h; path = ComposeViewController.h; sourceTree = "<group>"; };
		9B75E84E24B6704100EB7F72 /* ComposeViewController.m */ = {isa = PBXFileReference; lastKnownFileType = sourcecode.c.objc; path = ComposeViewController.m; sourceTree = "<group>"; };
		9B75E85424B7615000EB7F72 /* Post.h */ = {isa = PBXFileReference; lastKnownFileType = sourcecode.c.h; path = Post.h; sourceTree = "<group>"; };
		9B75E85524B7615000EB7F72 /* Post.m */ = {isa = PBXFileReference; lastKnownFileType = sourcecode.c.objc; path = Post.m; sourceTree = "<group>"; };
		CFF5C518E38833E01BD5247D /* Pods-Instagram.release.xcconfig */ = {isa = PBXFileReference; includeInIndex = 1; lastKnownFileType = text.xcconfig; name = "Pods-Instagram.release.xcconfig"; path = "Target Support Files/Pods-Instagram/Pods-Instagram.release.xcconfig"; sourceTree = "<group>"; };
/* End PBXFileReference section */

/* Begin PBXFrameworksBuildPhase section */
		9B75E82024B5DE0F00EB7F72 /* Frameworks */ = {
			isa = PBXFrameworksBuildPhase;
			buildActionMask = 2147483647;
			files = (
				E1A4E44D1E92123EE27D0AFB /* Pods_Instagram.framework in Frameworks */,
			);
			runOnlyForDeploymentPostprocessing = 0;
		};
/* End PBXFrameworksBuildPhase section */

/* Begin PBXGroup section */
		0D93F7792D06565DF1DE93C9 /* Pods */ = {
			isa = PBXGroup;
			children = (
				4F495B2756D6C0B54D200B25 /* Pods-Instagram.debug.xcconfig */,
				CFF5C518E38833E01BD5247D /* Pods-Instagram.release.xcconfig */,
			);
			path = Pods;
			sourceTree = "<group>";
		};
		1B535801199FAA4F86EB6EAF /* Frameworks */ = {
			isa = PBXGroup;
			children = (
				679974677F9606EB2CCF8D2A /* Pods_Instagram.framework */,
			);
			name = Frameworks;
			sourceTree = "<group>";
		};
		9B75E81A24B5DE0F00EB7F72 = {
			isa = PBXGroup;
			children = (
				9B75E82524B5DE0F00EB7F72 /* Instagram */,
				9B75E82424B5DE0F00EB7F72 /* Products */,
				0D93F7792D06565DF1DE93C9 /* Pods */,
				1B535801199FAA4F86EB6EAF /* Frameworks */,
			);
			sourceTree = "<group>";
		};
		9B75E82424B5DE0F00EB7F72 /* Products */ = {
			isa = PBXGroup;
			children = (
				9B75E82324B5DE0F00EB7F72 /* Instagram.app */,
			);
			name = Products;
			sourceTree = "<group>";
		};
		9B75E82524B5DE0F00EB7F72 /* Instagram */ = {
			isa = PBXGroup;
			children = (
				9B75E82624B5DE0F00EB7F72 /* AppDelegate.h */,
				9B75E82724B5DE0F00EB7F72 /* AppDelegate.m */,
				9B75E82924B5DE0F00EB7F72 /* SceneDelegate.h */,
				9B75E82A24B5DE0F00EB7F72 /* SceneDelegate.m */,
				9B75E85024B760F000EB7F72 /* Models */,
				9B75E84424B6052E00EB7F72 /* Views */,
				9B75E84224B6051F00EB7F72 /* View Controllers */,
				9B75E82F24B5DE0F00EB7F72 /* Main.storyboard */,
				9B75E83224B5DE0F00EB7F72 /* Assets.xcassets */,
				9B75E83424B5DE0F00EB7F72 /* LaunchScreen.storyboard */,
				9B75E83724B5DE0F00EB7F72 /* Info.plist */,
				9B75E83824B5DE0F00EB7F72 /* main.m */,
			);
			path = Instagram;
			sourceTree = "<group>";
		};
		9B75E84224B6051F00EB7F72 /* View Controllers */ = {
			isa = PBXGroup;
			children = (
				9B75E84524B6055100EB7F72 /* LoginViewController.h */,
				9B75E84624B6055100EB7F72 /* LoginViewController.m */,
				9B75E84824B60C7200EB7F72 /* HomeFeedViewController.h */,
				9B75E84924B60C7200EB7F72 /* HomeFeedViewController.m */,
				9B75E84D24B6704100EB7F72 /* ComposeViewController.h */,
				9B75E84E24B6704100EB7F72 /* ComposeViewController.m */,
				9B22A51D24B8735400B9ADF6 /* DetailsViewController.h */,
				9B22A51E24B8735400B9ADF6 /* DetailsViewController.m */,
				9B22A52024B97F2600B9ADF6 /* ProfileViewController.h */,
				9B22A52124B97F2600B9ADF6 /* ProfileViewController.m */,
			);
			path = "View Controllers";
			sourceTree = "<group>";
		};
		9B75E84424B6052E00EB7F72 /* Views */ = {
			isa = PBXGroup;
			children = (
				9B5C002124B7BA8400E03AB9 /* PostCell.h */,
				9B5C002224B7BA8400E03AB9 /* PostCell.m */,
				9B22A52324B980AC00B9ADF6 /* PostCollectionCell.h */,
				9B22A52424B980AC00B9ADF6 /* PostCollectionCell.m */,
			);
			path = Views;
			sourceTree = "<group>";
		};
		9B75E85024B760F000EB7F72 /* Models */ = {
			isa = PBXGroup;
			children = (
				9B75E85424B7615000EB7F72 /* Post.h */,
				9B75E85524B7615000EB7F72 /* Post.m */,
			);
			path = Models;
			sourceTree = "<group>";
		};
/* End PBXGroup section */

/* Begin PBXNativeTarget section */
		9B75E82224B5DE0F00EB7F72 /* Instagram */ = {
			isa = PBXNativeTarget;
			buildConfigurationList = 9B75E83C24B5DE0F00EB7F72 /* Build configuration list for PBXNativeTarget "Instagram" */;
			buildPhases = (
				1F67AD9708B21952F81B3D92 /* [CP] Check Pods Manifest.lock */,
				9B75E81F24B5DE0F00EB7F72 /* Sources */,
				9B75E82024B5DE0F00EB7F72 /* Frameworks */,
				9B75E82124B5DE0F00EB7F72 /* Resources */,
				76FFB204EAA673899ADB6D75 /* [CP] Embed Pods Frameworks */,
			);
			buildRules = (
			);
			dependencies = (
			);
			name = Instagram;
			productName = Instagram;
			productReference = 9B75E82324B5DE0F00EB7F72 /* Instagram.app */;
			productType = "com.apple.product-type.application";
		};
/* End PBXNativeTarget section */

/* Begin PBXProject section */
		9B75E81B24B5DE0F00EB7F72 /* Project object */ = {
			isa = PBXProject;
			attributes = {
				LastUpgradeCheck = 1150;
				ORGANIZATIONNAME = "Kaitlyn Gunadhi";
				TargetAttributes = {
					9B75E82224B5DE0F00EB7F72 = {
						CreatedOnToolsVersion = 11.5;
					};
				};
			};
			buildConfigurationList = 9B75E81E24B5DE0F00EB7F72 /* Build configuration list for PBXProject "Instagram" */;
			compatibilityVersion = "Xcode 9.3";
			developmentRegion = en;
			hasScannedForEncodings = 0;
			knownRegions = (
				en,
				Base,
			);
			mainGroup = 9B75E81A24B5DE0F00EB7F72;
			productRefGroup = 9B75E82424B5DE0F00EB7F72 /* Products */;
			projectDirPath = "";
			projectRoot = "";
			targets = (
				9B75E82224B5DE0F00EB7F72 /* Instagram */,
			);
		};
/* End PBXProject section */

/* Begin PBXResourcesBuildPhase section */
		9B75E82124B5DE0F00EB7F72 /* Resources */ = {
			isa = PBXResourcesBuildPhase;
			buildActionMask = 2147483647;
			files = (
				9B75E83624B5DE0F00EB7F72 /* LaunchScreen.storyboard in Resources */,
				9B75E83324B5DE0F00EB7F72 /* Assets.xcassets in Resources */,
				9B75E83124B5DE0F00EB7F72 /* Main.storyboard in Resources */,
			);
			runOnlyForDeploymentPostprocessing = 0;
		};
/* End PBXResourcesBuildPhase section */

/* Begin PBXShellScriptBuildPhase section */
		1F67AD9708B21952F81B3D92 /* [CP] Check Pods Manifest.lock */ = {
			isa = PBXShellScriptBuildPhase;
			buildActionMask = 2147483647;
			files = (
			);
			inputFileListPaths = (
			);
			inputPaths = (
				"${PODS_PODFILE_DIR_PATH}/Podfile.lock",
				"${PODS_ROOT}/Manifest.lock",
			);
			name = "[CP] Check Pods Manifest.lock";
			outputFileListPaths = (
			);
			outputPaths = (
				"$(DERIVED_FILE_DIR)/Pods-Instagram-checkManifestLockResult.txt",
			);
			runOnlyForDeploymentPostprocessing = 0;
			shellPath = /bin/sh;
			shellScript = "diff \"${PODS_PODFILE_DIR_PATH}/Podfile.lock\" \"${PODS_ROOT}/Manifest.lock\" > /dev/null\nif [ $? != 0 ] ; then\n    # print error to STDERR\n    echo \"error: The sandbox is not in sync with the Podfile.lock. Run 'pod install' or update your CocoaPods installation.\" >&2\n    exit 1\nfi\n# This output is used by Xcode 'outputs' to avoid re-running this script phase.\necho \"SUCCESS\" > \"${SCRIPT_OUTPUT_FILE_0}\"\n";
			showEnvVarsInLog = 0;
		};
		76FFB204EAA673899ADB6D75 /* [CP] Embed Pods Frameworks */ = {
			isa = PBXShellScriptBuildPhase;
			buildActionMask = 2147483647;
			files = (
			);
			inputFileListPaths = (
				"${PODS_ROOT}/Target Support Files/Pods-Instagram/Pods-Instagram-frameworks-${CONFIGURATION}-input-files.xcfilelist",
			);
			name = "[CP] Embed Pods Frameworks";
			outputFileListPaths = (
				"${PODS_ROOT}/Target Support Files/Pods-Instagram/Pods-Instagram-frameworks-${CONFIGURATION}-output-files.xcfilelist",
			);
			runOnlyForDeploymentPostprocessing = 0;
			shellPath = /bin/sh;
			shellScript = "\"${PODS_ROOT}/Target Support Files/Pods-Instagram/Pods-Instagram-frameworks.sh\"\n";
			showEnvVarsInLog = 0;
		};
/* End PBXShellScriptBuildPhase section */

/* Begin PBXSourcesBuildPhase section */
		9B75E81F24B5DE0F00EB7F72 /* Sources */ = {
			isa = PBXSourcesBuildPhase;
			buildActionMask = 2147483647;
			files = (
				9B75E84A24B60C7200EB7F72 /* HomeFeedViewController.m in Sources */,
				9B75E84724B6055100EB7F72 /* LoginViewController.m in Sources */,
				9B22A52524B980AC00B9ADF6 /* PostCollectionCell.m in Sources */,
				9B75E82824B5DE0F00EB7F72 /* AppDelegate.m in Sources */,
				9B5C002324B7BA8400E03AB9 /* PostCell.m in Sources */,
				9B22A52224B97F2600B9ADF6 /* ProfileViewController.m in Sources */,
				9B75E84F24B6704100EB7F72 /* ComposeViewController.m in Sources */,
				9B75E83924B5DE0F00EB7F72 /* main.m in Sources */,
				9B22A51F24B8735400B9ADF6 /* DetailsViewController.m in Sources */,
				9B75E82B24B5DE0F00EB7F72 /* SceneDelegate.m in Sources */,
				9B75E85624B7615000EB7F72 /* Post.m in Sources */,
			);
			runOnlyForDeploymentPostprocessing = 0;
		};
/* End PBXSourcesBuildPhase section */

/* Begin PBXVariantGroup section */
		9B75E82F24B5DE0F00EB7F72 /* Main.storyboard */ = {
			isa = PBXVariantGroup;
			children = (
				9B75E83024B5DE0F00EB7F72 /* Base */,
			);
			name = Main.storyboard;
			sourceTree = "<group>";
		};
		9B75E83424B5DE0F00EB7F72 /* LaunchScreen.storyboard */ = {
			isa = PBXVariantGroup;
			children = (
				9B75E83524B5DE0F00EB7F72 /* Base */,
			);
			name = LaunchScreen.storyboard;
			sourceTree = "<group>";
		};
/* End PBXVariantGroup section */

/* Begin XCBuildConfiguration section */
		9B75E83A24B5DE0F00EB7F72 /* Debug */ = {
			isa = XCBuildConfiguration;
			buildSettings = {
				ALWAYS_SEARCH_USER_PATHS = NO;
				CLANG_ANALYZER_NONNULL = YES;
				CLANG_ANALYZER_NUMBER_OBJECT_CONVERSION = YES_AGGRESSIVE;
				CLANG_CXX_LANGUAGE_STANDARD = "gnu++14";
				CLANG_CXX_LIBRARY = "libc++";
				CLANG_ENABLE_MODULES = YES;
				CLANG_ENABLE_OBJC_ARC = YES;
				CLANG_ENABLE_OBJC_WEAK = YES;
				CLANG_WARN_BLOCK_CAPTURE_AUTORELEASING = YES;
				CLANG_WARN_BOOL_CONVERSION = YES;
				CLANG_WARN_COMMA = YES;
				CLANG_WARN_CONSTANT_CONVERSION = YES;
				CLANG_WARN_DEPRECATED_OBJC_IMPLEMENTATIONS = YES;
				CLANG_WARN_DIRECT_OBJC_ISA_USAGE = YES_ERROR;
				CLANG_WARN_DOCUMENTATION_COMMENTS = YES;
				CLANG_WARN_EMPTY_BODY = YES;
				CLANG_WARN_ENUM_CONVERSION = YES;
				CLANG_WARN_INFINITE_RECURSION = YES;
				CLANG_WARN_INT_CONVERSION = YES;
				CLANG_WARN_NON_LITERAL_NULL_CONVERSION = YES;
				CLANG_WARN_OBJC_IMPLICIT_RETAIN_SELF = YES;
				CLANG_WARN_OBJC_LITERAL_CONVERSION = YES;
				CLANG_WARN_OBJC_ROOT_CLASS = YES_ERROR;
				CLANG_WARN_RANGE_LOOP_ANALYSIS = YES;
				CLANG_WARN_STRICT_PROTOTYPES = YES;
				CLANG_WARN_SUSPICIOUS_MOVE = YES;
				CLANG_WARN_UNGUARDED_AVAILABILITY = YES_AGGRESSIVE;
				CLANG_WARN_UNREACHABLE_CODE = YES;
				CLANG_WARN__DUPLICATE_METHOD_MATCH = YES;
				COPY_PHASE_STRIP = NO;
				DEBUG_INFORMATION_FORMAT = dwarf;
				ENABLE_STRICT_OBJC_MSGSEND = YES;
				ENABLE_TESTABILITY = YES;
				GCC_C_LANGUAGE_STANDARD = gnu11;
				GCC_DYNAMIC_NO_PIC = NO;
				GCC_NO_COMMON_BLOCKS = YES;
				GCC_OPTIMIZATION_LEVEL = 0;
				GCC_PREPROCESSOR_DEFINITIONS = (
					"DEBUG=1",
					"$(inherited)",
				);
				GCC_WARN_64_TO_32_BIT_CONVERSION = YES;
				GCC_WARN_ABOUT_RETURN_TYPE = YES_ERROR;
				GCC_WARN_UNDECLARED_SELECTOR = YES;
				GCC_WARN_UNINITIALIZED_AUTOS = YES_AGGRESSIVE;
				GCC_WARN_UNUSED_FUNCTION = YES;
				GCC_WARN_UNUSED_VARIABLE = YES;
				IPHONEOS_DEPLOYMENT_TARGET = 13.5;
				MTL_ENABLE_DEBUG_INFO = INCLUDE_SOURCE;
				MTL_FAST_MATH = YES;
				ONLY_ACTIVE_ARCH = YES;
				SDKROOT = iphoneos;
			};
			name = Debug;
		};
		9B75E83B24B5DE0F00EB7F72 /* Release */ = {
			isa = XCBuildConfiguration;
			buildSettings = {
				ALWAYS_SEARCH_USER_PATHS = NO;
				CLANG_ANALYZER_NONNULL = YES;
				CLANG_ANALYZER_NUMBER_OBJECT_CONVERSION = YES_AGGRESSIVE;
				CLANG_CXX_LANGUAGE_STANDARD = "gnu++14";
				CLANG_CXX_LIBRARY = "libc++";
				CLANG_ENABLE_MODULES = YES;
				CLANG_ENABLE_OBJC_ARC = YES;
				CLANG_ENABLE_OBJC_WEAK = YES;
				CLANG_WARN_BLOCK_CAPTURE_AUTORELEASING = YES;
				CLANG_WARN_BOOL_CONVERSION = YES;
				CLANG_WARN_COMMA = YES;
				CLANG_WARN_CONSTANT_CONVERSION = YES;
				CLANG_WARN_DEPRECATED_OBJC_IMPLEMENTATIONS = YES;
				CLANG_WARN_DIRECT_OBJC_ISA_USAGE = YES_ERROR;
				CLANG_WARN_DOCUMENTATION_COMMENTS = YES;
				CLANG_WARN_EMPTY_BODY = YES;
				CLANG_WARN_ENUM_CONVERSION = YES;
				CLANG_WARN_INFINITE_RECURSION = YES;
				CLANG_WARN_INT_CONVERSION = YES;
				CLANG_WARN_NON_LITERAL_NULL_CONVERSION = YES;
				CLANG_WARN_OBJC_IMPLICIT_RETAIN_SELF = YES;
				CLANG_WARN_OBJC_LITERAL_CONVERSION = YES;
				CLANG_WARN_OBJC_ROOT_CLASS = YES_ERROR;
				CLANG_WARN_RANGE_LOOP_ANALYSIS = YES;
				CLANG_WARN_STRICT_PROTOTYPES = YES;
				CLANG_WARN_SUSPICIOUS_MOVE = YES;
				CLANG_WARN_UNGUARDED_AVAILABILITY = YES_AGGRESSIVE;
				CLANG_WARN_UNREACHABLE_CODE = YES;
				CLANG_WARN__DUPLICATE_METHOD_MATCH = YES;
				COPY_PHASE_STRIP = NO;
				DEBUG_INFORMATION_FORMAT = "dwarf-with-dsym";
				ENABLE_NS_ASSERTIONS = NO;
				ENABLE_STRICT_OBJC_MSGSEND = YES;
				GCC_C_LANGUAGE_STANDARD = gnu11;
				GCC_NO_COMMON_BLOCKS = YES;
				GCC_WARN_64_TO_32_BIT_CONVERSION = YES;
				GCC_WARN_ABOUT_RETURN_TYPE = YES_ERROR;
				GCC_WARN_UNDECLARED_SELECTOR = YES;
				GCC_WARN_UNINITIALIZED_AUTOS = YES_AGGRESSIVE;
				GCC_WARN_UNUSED_FUNCTION = YES;
				GCC_WARN_UNUSED_VARIABLE = YES;
				IPHONEOS_DEPLOYMENT_TARGET = 13.5;
				MTL_ENABLE_DEBUG_INFO = NO;
				MTL_FAST_MATH = YES;
				SDKROOT = iphoneos;
				VALIDATE_PRODUCT = YES;
			};
			name = Release;
		};
		9B75E83D24B5DE0F00EB7F72 /* Debug */ = {
			isa = XCBuildConfiguration;
			baseConfigurationReference = 4F495B2756D6C0B54D200B25 /* Pods-Instagram.debug.xcconfig */;
			buildSettings = {
				ASSETCATALOG_COMPILER_APPICON_NAME = AppIcon;
				CODE_SIGN_STYLE = Automatic;
				DEVELOPMENT_TEAM = N35H8KJ48M;
				INFOPLIST_FILE = Instagram/Info.plist;
				LD_RUNPATH_SEARCH_PATHS = (
					"$(inherited)",
					"@executable_path/Frameworks",
				);
				PRODUCT_BUNDLE_IDENTIFIER = com.kgunadhi.Instagram;
				PRODUCT_NAME = "$(TARGET_NAME)";
				TARGETED_DEVICE_FAMILY = "1,2";
			};
			name = Debug;
		};
		9B75E83E24B5DE0F00EB7F72 /* Release */ = {
			isa = XCBuildConfiguration;
			baseConfigurationReference = CFF5C518E38833E01BD5247D /* Pods-Instagram.release.xcconfig */;
			buildSettings = {
				ASSETCATALOG_COMPILER_APPICON_NAME = AppIcon;
				CODE_SIGN_STYLE = Automatic;
				DEVELOPMENT_TEAM = N35H8KJ48M;
				INFOPLIST_FILE = Instagram/Info.plist;
				LD_RUNPATH_SEARCH_PATHS = (
					"$(inherited)",
					"@executable_path/Frameworks",
				);
				PRODUCT_BUNDLE_IDENTIFIER = com.kgunadhi.Instagram;
				PRODUCT_NAME = "$(TARGET_NAME)";
				TARGETED_DEVICE_FAMILY = "1,2";
			};
			name = Release;
		};
/* End XCBuildConfiguration section */

/* Begin XCConfigurationList section */
		9B75E81E24B5DE0F00EB7F72 /* Build configuration list for PBXProject "Instagram" */ = {
			isa = XCConfigurationList;
			buildConfigurations = (
				9B75E83A24B5DE0F00EB7F72 /* Debug */,
				9B75E83B24B5DE0F00EB7F72 /* Release */,
			);
			defaultConfigurationIsVisible = 0;
			defaultConfigurationName = Release;
		};
		9B75E83C24B5DE0F00EB7F72 /* Build configuration list for PBXNativeTarget "Instagram" */ = {
			isa = XCConfigurationList;
			buildConfigurations = (
				9B75E83D24B5DE0F00EB7F72 /* Debug */,
				9B75E83E24B5DE0F00EB7F72 /* Release */,
			);
			defaultConfigurationIsVisible = 0;
			defaultConfigurationName = Release;
		};
/* End XCConfigurationList section */
	};
	rootObject = 9B75E81B24B5DE0F00EB7F72 /* Project object */;
}
